
Microsoft Visual Studio Solution File, Format Version 12.00
# Visual Studio Version 17
VisualStudioVersion = 17.4.33205.214
MinimumVisualStudioVersion = 10.0.40219.1
Project("{FAE04EC0-301F-11D3-BF4B-00C04F79EFBC}") = "AlienClock", "AlienClock.csproj", "{EF449124-9C7F-42FD-85C3-D9C6B173CA07}"
EndProject
Project("{FAE04EC0-301F-11D3-BF4B-00C04F79EFBC}") = "AlienDateTime", "..\AlienDateTime\AlienDateTime.csproj", "{98F38592-225B-4A9B-81CF-32E2FBF13E6A}"
EndProject
Project("{FAE04EC0-301F-11D3-BF4B-00C04F79EFBC}") = "AlienDateTimeTests", "..\AlienDateTimeTests\AlienDateTimeTests.csproj", "{340EACB9-D3BB-473A-ACC1-98A45C4D9B60}"
EndProject
Project("{FAE04EC0-301F-11D3-BF4B-00C04F79EFBC}") = "ClockDisplay", "..\ClockDisplay\ClockDisplay.csproj", "{D085E448-CBB5-4F06-8D9A-FAA3DBD91E8D}"
EndProject
Global
	GlobalSection(SolutionConfigurationPlatforms) = preSolution
		Debug|Any CPU = Debug|Any CPU
		Release|Any CPU = Release|Any CPU
	EndGlobalSection
	GlobalSection(ProjectConfigurationPlatforms) = postSolution
		{EF449124-9C7F-42FD-85C3-D9C6B173CA07}.Debug|Any CPU.ActiveCfg = Debug|Any CPU
		{EF449124-9C7F-42FD-85C3-D9C6B173CA07}.Debug|Any CPU.Build.0 = Debug|Any CPU
		{EF449124-9C7F-42FD-85C3-D9C6B173CA07}.Release|Any CPU.ActiveCfg = Release|Any CPU
		{EF449124-9C7F-42FD-85C3-D9C6B173CA07}.Release|Any CPU.Build.0 = Release|Any CPU
		{98F38592-225B-4A9B-81CF-32E2FBF13E6A}.Debug|Any CPU.ActiveCfg = Debug|Any CPU
		{98F38592-225B-4A9B-81CF-32E2FBF13E6A}.Debug|Any CPU.Build.0 = Debug|Any CPU
		{98F38592-225B-4A9B-81CF-32E2FBF13E6A}.Release|Any CPU.ActiveCfg = Release|Any CPU
		{98F38592-225B-4A9B-81CF-32E2FBF13E6A}.Release|Any CPU.Build.0 = Release|Any CPU
		{340EACB9-D3BB-473A-ACC1-98A45C4D9B60}.Debug|Any CPU.ActiveCfg = Debug|Any CPU
		{340EACB9-D3BB-473A-ACC1-98A45C4D9B60}.Debug|Any CPU.Build.0 = Debug|Any CPU
		{340EACB9-D3BB-473A-ACC1-98A45C4D9B60}.Release|Any CPU.ActiveCfg = Release|Any CPU
		{340EACB9-D3BB-473A-ACC1-98A45C4D9B60}.Release|Any CPU.Build.0 = Release|Any CPU
		{D085E448-CBB5-4F06-8D9A-FAA3DBD91E8D}.Debug|Any CPU.ActiveCfg = Debug|Any CPU
		{D085E448-CBB5-4F06-8D9A-FAA3DBD91E8D}.Debug|Any CPU.Build.0 = Debug|Any CPU
		{D085E448-CBB5-4F06-8D9A-FAA3DBD91E8D}.Release|Any CPU.ActiveCfg = Release|Any CPU
		{D085E448-CBB5-4F06-8D9A-FAA3DBD91E8D}.Release|Any CPU.Build.0 = Release|Any CPU
	EndGlobalSection
	GlobalSection(SolutionProperties) = preSolution
		HideSolutionNode = FALSE
	EndGlobalSection
	GlobalSection(ExtensibilityGlobals) = postSolution
		SolutionGuid = {63B4BFA9-472A-4269-A558-AD4DDA1C67C3}
	EndGlobalSection
EndGlobal
